// !$*UTF8*$!
{
	archiveVersion = 1;
	classes = {
	};
	objectVersion = 48;
	objects = {

/* Begin PBXBuildFile section */
		A21CD50D3F55060E871B59C3 /* Pods_InClass07.framework in Frameworks */ = {isa = PBXBuildFile; fileRef = 238D669FC8F46767B765E8D0 /* Pods_InClass07.framework */; };
		B705C96A1FA2ABA300E613C3 /* CollectionViewController.swift in Sources */ = {isa = PBXBuildFile; fileRef = B705C9691FA2ABA300E613C3 /* CollectionViewController.swift */; };
		B705C96C1FA2CFA400E613C3 /* PhotoViewController.swift in Sources */ = {isa = PBXBuildFile; fileRef = B705C96B1FA2CFA400E613C3 /* PhotoViewController.swift */; };
		B705C96E1FA2D7EC00E613C3 /* PhotosCl.swift in Sources */ = {isa = PBXBuildFile; fileRef = B705C96D1FA2D7EC00E613C3 /* PhotosCl.swift */; };
		B7C4C74D1FA2A51B00F5266F /* LoginViewController.swift in Sources */ = {isa = PBXBuildFile; fileRef = B7C4C74C1FA2A51B00F5266F /* LoginViewController.swift */; };
		B7C4C74F1FA2A52C00F5266F /* SignUpViewController.swift in Sources */ = {isa = PBXBuildFile; fileRef = B7C4C74E1FA2A52C00F5266F /* SignUpViewController.swift */; };
		B7E804331FA298CE00CE2158 /* AppDelegate.swift in Sources */ = {isa = PBXBuildFile; fileRef = B7E804321FA298CE00CE2158 /* AppDelegate.swift */; };
		B7E804381FA298CE00CE2158 /* Main.storyboard in Resources */ = {isa = PBXBuildFile; fileRef = B7E804361FA298CE00CE2158 /* Main.storyboard */; };
		B7E8043A1FA298CE00CE2158 /* Assets.xcassets in Resources */ = {isa = PBXBuildFile; fileRef = B7E804391FA298CE00CE2158 /* Assets.xcassets */; };
		B7E8043D1FA298CE00CE2158 /* LaunchScreen.storyboard in Resources */ = {isa = PBXBuildFile; fileRef = B7E8043B1FA298CE00CE2158 /* LaunchScreen.storyboard */; };
		B7E804451FA29A0F00CE2158 /* GoogleService-Info.plist in Resources */ = {isa = PBXBuildFile; fileRef = B7E804441FA29A0F00CE2158 /* GoogleService-Info.plist */; };
/* End PBXBuildFile section */

/* Begin PBXFileReference section */
		238D669FC8F46767B765E8D0 /* Pods_InClass07.framework */ = {isa = PBXFileReference; explicitFileType = wrapper.framework; includeInIndex = 0; path = Pods_InClass07.framework; sourceTree = BUILT_PRODUCTS_DIR; };
		B705C9691FA2ABA300E613C3 /* CollectionViewController.swift */ = {isa = PBXFileReference; lastKnownFileType = sourcecode.swift; path = CollectionViewController.swift; sourceTree = "<group>"; };
		B705C96B1FA2CFA400E613C3 /* PhotoViewController.swift */ = {isa = PBXFileReference; lastKnownFileType = sourcecode.swift; path = PhotoViewController.swift; sourceTree = "<group>"; };
		B705C96D1FA2D7EC00E613C3 /* PhotosCl.swift */ = {isa = PBXFileReference; lastKnownFileType = sourcecode.swift; path = PhotosCl.swift; sourceTree = "<group>"; };
		B7C4C74C1FA2A51B00F5266F /* LoginViewController.swift */ = {isa = PBXFileReference; lastKnownFileType = sourcecode.swift; path = LoginViewController.swift; sourceTree = "<group>"; };
		B7C4C74E1FA2A52C00F5266F /* SignUpViewController.swift */ = {isa = PBXFileReference; lastKnownFileType = sourcecode.swift; path = SignUpViewController.swift; sourceTree = "<group>"; };
		B7E8042F1FA298CE00CE2158 /* InClass07.app */ = {isa = PBXFileReference; explicitFileType = wrapper.application; includeInIndex = 0; path = InClass07.app; sourceTree = BUILT_PRODUCTS_DIR; };
		B7E804321FA298CE00CE2158 /* AppDelegate.swift */ = {isa = PBXFileReference; lastKnownFileType = sourcecode.swift; path = AppDelegate.swift; sourceTree = "<group>"; };
		B7E804371FA298CE00CE2158 /* Base */ = {isa = PBXFileReference; lastKnownFileType = file.storyboard; name = Base; path = Base.lproj/Main.storyboard; sourceTree = "<group>"; };
		B7E804391FA298CE00CE2158 /* Assets.xcassets */ = {isa = PBXFileReference; lastKnownFileType = folder.assetcatalog; path = Assets.xcassets; sourceTree = "<group>"; };
		B7E8043C1FA298CE00CE2158 /* Base */ = {isa = PBXFileReference; lastKnownFileType = file.storyboard; name = Base; path = Base.lproj/LaunchScreen.storyboard; sourceTree = "<group>"; };
		B7E8043E1FA298CE00CE2158 /* Info.plist */ = {isa = PBXFileReference; lastKnownFileType = text.plist.xml; path = Info.plist; sourceTree = "<group>"; };
		B7E804441FA29A0F00CE2158 /* GoogleService-Info.plist */ = {isa = PBXFileReference; fileEncoding = 4; lastKnownFileType = text.plist.xml; name = "GoogleService-Info.plist"; path = "../../../Desktop/GoogleService-Info.plist"; sourceTree = "<group>"; };
		C35F81D84B00CE2B62564920 /* Pods-InClass07.debug.xcconfig */ = {isa = PBXFileReference; includeInIndex = 1; lastKnownFileType = text.xcconfig; name = "Pods-InClass07.debug.xcconfig"; path = "Pods/Target Support Files/Pods-InClass07/Pods-InClass07.debug.xcconfig"; sourceTree = "<group>"; };
		F456561B47D51BF10A13567E /* Pods-InClass07.release.xcconfig */ = {isa = PBXFileReference; includeInIndex = 1; lastKnownFileType = text.xcconfig; name = "Pods-InClass07.release.xcconfig"; path = "Pods/Target Support Files/Pods-InClass07/Pods-InClass07.release.xcconfig"; sourceTree = "<group>"; };
/* End PBXFileReference section */

/* Begin PBXFrameworksBuildPhase section */
		B7E8042C1FA298CE00CE2158 /* Frameworks */ = {
			isa = PBXFrameworksBuildPhase;
			buildActionMask = 2147483647;
			files = (
				A21CD50D3F55060E871B59C3 /* Pods_InClass07.framework in Frameworks */,
			);
			runOnlyForDeploymentPostprocessing = 0;
		};
/* End PBXFrameworksBuildPhase section */

/* Begin PBXGroup section */
		0497B9740322977FC1FEDAE3 /* Pods */ = {
			isa = PBXGroup;
			children = (
				C35F81D84B00CE2B62564920 /* Pods-InClass07.debug.xcconfig */,
				F456561B47D51BF10A13567E /* Pods-InClass07.release.xcconfig */,
			);
			name = Pods;
			sourceTree = "<group>";
		};
		1AA417CA8D6B4A195F177004 /* Frameworks */ = {
			isa = PBXGroup;
			children = (
				238D669FC8F46767B765E8D0 /* Pods_InClass07.framework */,
			);
			name = Frameworks;
			sourceTree = "<group>";
		};
		B7E804261FA298CE00CE2158 = {
			isa = PBXGroup;
			children = (
				B7E804311FA298CE00CE2158 /* InClass07 */,
				B7E804301FA298CE00CE2158 /* Products */,
				0497B9740322977FC1FEDAE3 /* Pods */,
				1AA417CA8D6B4A195F177004 /* Frameworks */,
			);
			sourceTree = "<group>";
		};
		B7E804301FA298CE00CE2158 /* Products */ = {
			isa = PBXGroup;
			children = (
				B7E8042F1FA298CE00CE2158 /* InClass07.app */,
			);
			name = Products;
			sourceTree = "<group>";
		};
		B7E804311FA298CE00CE2158 /* InClass07 */ = {
			isa = PBXGroup;
			children = (
				B7E804441FA29A0F00CE2158 /* GoogleService-Info.plist */,
				B7E804321FA298CE00CE2158 /* AppDelegate.swift */,
				B7E804361FA298CE00CE2158 /* Main.storyboard */,
				B7E804391FA298CE00CE2158 /* Assets.xcassets */,
				B7E8043B1FA298CE00CE2158 /* LaunchScreen.storyboard */,
				B7E8043E1FA298CE00CE2158 /* Info.plist */,
				B7C4C74C1FA2A51B00F5266F /* LoginViewController.swift */,
				B705C9691FA2ABA300E613C3 /* CollectionViewController.swift */,
				B7C4C74E1FA2A52C00F5266F /* SignUpViewController.swift */,
				B705C96B1FA2CFA400E613C3 /* PhotoViewController.swift */,
				B705C96D1FA2D7EC00E613C3 /* PhotosCl.swift */,
			);
			path = InClass07;
			sourceTree = "<group>";
		};
/* End PBXGroup section */

/* Begin PBXNativeTarget section */
		B7E8042E1FA298CE00CE2158 /* InClass07 */ = {
			isa = PBXNativeTarget;
			buildConfigurationList = B7E804411FA298CE00CE2158 /* Build configuration list for PBXNativeTarget "InClass07" */;
			buildPhases = (
				8063A46939337C64F182F187 /* [CP] Check Pods Manifest.lock */,
				B7E8042B1FA298CE00CE2158 /* Sources */,
				B7E8042C1FA298CE00CE2158 /* Frameworks */,
				B7E8042D1FA298CE00CE2158 /* Resources */,
				BA0494160838D68692CE0586 /* [CP] Embed Pods Frameworks */,
				EEBC310C681212515E890AC4 /* [CP] Copy Pods Resources */,
			);
			buildRules = (
			);
			dependencies = (
			);
			name = InClass07;
			productName = InClass07;
			productReference = B7E8042F1FA298CE00CE2158 /* InClass07.app */;
			productType = "com.apple.product-type.application";
		};
/* End PBXNativeTarget section */

/* Begin PBXProject section */
		B7E804271FA298CE00CE2158 /* Project object */ = {
			isa = PBXProject;
			attributes = {
				LastSwiftUpdateCheck = 0900;
				LastUpgradeCheck = 0900;
				ORGANIZATIONNAME = "Sai Nishanth Dilly";
				TargetAttributes = {
					B7E8042E1FA298CE00CE2158 = {
						CreatedOnToolsVersion = 9.0.1;
						ProvisioningStyle = Automatic;
					};
				};
			};
			buildConfigurationList = B7E8042A1FA298CE00CE2158 /* Build configuration list for PBXProject "InClass07" */;
			compatibilityVersion = "Xcode 8.0";
			developmentRegion = en;
			hasScannedForEncodings = 0;
			knownRegions = (
				en,
				Base,
			);
			mainGroup = B7E804261FA298CE00CE2158;
			productRefGroup = B7E804301FA298CE00CE2158 /* Products */;
			projectDirPath = "";
			projectRoot = "";
			targets = (
				B7E8042E1FA298CE00CE2158 /* InClass07 */,
			);
		};
/* End PBXProject section */

/* Begin PBXResourcesBuildPhase section */
		B7E8042D1FA298CE00CE2158 /* Resources */ = {
			isa = PBXResourcesBuildPhase;
			buildActionMask = 2147483647;
			files = (
				B7E8043D1FA298CE00CE2158 /* LaunchScreen.storyboard in Resources */,
				B7E804451FA29A0F00CE2158 /* GoogleService-Info.plist in Resources */,
				B7E8043A1FA298CE00CE2158 /* Assets.xcassets in Resources */,
				B7E804381FA298CE00CE2158 /* Main.storyboard in Resources */,
			);
			runOnlyForDeploymentPostprocessing = 0;
		};
/* End PBXResourcesBuildPhase section */

/* Begin PBXShellScriptBuildPhase section */
		8063A46939337C64F182F187 /* [CP] Check Pods Manifest.lock */ = {
			isa = PBXShellScriptBuildPhase;
			buildActionMask = 2147483647;
			files = (
			);
			inputPaths = (
				"${PODS_PODFILE_DIR_PATH}/Podfile.lock",
				"${PODS_ROOT}/Manifest.lock",
			);
			name = "[CP] Check Pods Manifest.lock";
			outputPaths = (
				"$(DERIVED_FILE_DIR)/Pods-InClass07-checkManifestLockResult.txt",
			);
			runOnlyForDeploymentPostprocessing = 0;
			shellPath = /bin/sh;
			shellScript = "diff \"${PODS_PODFILE_DIR_PATH}/Podfile.lock\" \"${PODS_ROOT}/Manifest.lock\" > /dev/null\nif [ $? != 0 ] ; then\n    # print error to STDERR\n    echo \"error: The sandbox is not in sync with the Podfile.lock. Run 'pod install' or update your CocoaPods installation.\" >&2\n    exit 1\nfi\n# This output is used by Xcode 'outputs' to avoid re-running this script phase.\necho \"SUCCESS\" > \"${SCRIPT_OUTPUT_FILE_0}\"\n";
			showEnvVarsInLog = 0;
		};
		BA0494160838D68692CE0586 /* [CP] Embed Pods Frameworks */ = {
			isa = PBXShellScriptBuildPhase;
			buildActionMask = 2147483647;
			files = (
			);
			inputPaths = (
				"${SRCROOT}/Pods/Target Support Files/Pods-InClass07/Pods-InClass07-frameworks.sh",
				"${BUILT_PRODUCTS_DIR}/GTMOAuth2/GTMOAuth2.framework",
				"${BUILT_PRODUCTS_DIR}/GTMSessionFetcher/GTMSessionFetcher.framework",
				"${BUILT_PRODUCTS_DIR}/GoogleToolboxForMac/GoogleToolboxForMac.framework",
				"${BUILT_PRODUCTS_DIR}/Protobuf/Protobuf.framework",
				"${BUILT_PRODUCTS_DIR}/SDWebImage/SDWebImage.framework",
				"${BUILT_PRODUCTS_DIR}/leveldb-library/leveldb.framework",
				"${BUILT_PRODUCTS_DIR}/nanopb/nanopb.framework",
			);
			name = "[CP] Embed Pods Frameworks";
			outputPaths = (
				"${TARGET_BUILD_DIR}/${FRAMEWORKS_FOLDER_PATH}/GTMOAuth2.framework",
				"${TARGET_BUILD_DIR}/${FRAMEWORKS_FOLDER_PATH}/GTMSessionFetcher.framework",
				"${TARGET_BUILD_DIR}/${FRAMEWORKS_FOLDER_PATH}/GoogleToolboxForMac.framework",
				"${TARGET_BUILD_DIR}/${FRAMEWORKS_FOLDER_PATH}/Protobuf.framework",
				"${TARGET_BUILD_DIR}/${FRAMEWORKS_FOLDER_PATH}/SDWebImage.framework",
				"${TARGET_BUILD_DIR}/${FRAMEWORKS_FOLDER_PATH}/leveldb.framework",
				"${TARGET_BUILD_DIR}/${FRAMEWORKS_FOLDER_PATH}/nanopb.framework",
			);
			runOnlyForDeploymentPostprocessing = 0;
			shellPath = /bin/sh;
			shellScript = "\"${SRCROOT}/Pods/Target Support Files/Pods-InClass07/Pods-InClass07-frameworks.sh\"\n";
			showEnvVarsInLog = 0;
		};
		EEBC310C681212515E890AC4 /* [CP] Copy Pods Resources */ = {
			isa = PBXShellScriptBuildPhase;
			buildActionMask = 2147483647;
			files = (
			);
			inputPaths = (
				"${SRCROOT}/Pods/Target Support Files/Pods-InClass07/Pods-InClass07-resources.sh",
				"${PODS_ROOT}/GoogleSignIn/Resources/GoogleSignIn.bundle",
			);
			name = "[CP] Copy Pods Resources";
			outputPaths = (
				"${TARGET_BUILD_DIR}/${UNLOCALIZED_RESOURCES_FOLDER_PATH}",
			);
			runOnlyForDeploymentPostprocessing = 0;
			shellPath = /bin/sh;
			shellScript = "\"${SRCROOT}/Pods/Target Support Files/Pods-InClass07/Pods-InClass07-resources.sh\"\n";
			showEnvVarsInLog = 0;
		};
/* End PBXShellScriptBuildPhase section */

/* Begin PBXSourcesBuildPhase section */
		B7E8042B1FA298CE00CE2158 /* Sources */ = {
			isa = PBXSourcesBuildPhase;
			buildActionMask = 2147483647;
			files = (
				B705C96A1FA2ABA300E613C3 /* CollectionViewController.swift in Sources */,
				B7C4C74F1FA2A52C00F5266F /* SignUpViewController.swift in Sources */,
				B7C4C74D1FA2A51B00F5266F /* LoginViewController.swift in Sources */,
				B7E804331FA298CE00CE2158 /* AppDelegate.swift in Sources */,
				B705C96C1FA2CFA400E613C3 /* PhotoViewController.swift in Sources */,
				B705C96E1FA2D7EC00E613C3 /* PhotosCl.swift in Sources */,
			);
			runOnlyForDeploymentPostprocessing = 0;
		};
/* End PBXSourcesBuildPhase section */

/* Begin PBXVariantGroup section */
		B7E804361FA298CE00CE2158 /* Main.storyboard */ = {
			isa = PBXVariantGroup;
			children = (
				B7E804371FA298CE00CE2158 /* Base */,
			);
			name = Main.storyboard;
			sourceTree = "<group>";
		};
		B7E8043B1FA298CE00CE2158 /* LaunchScreen.storyboard */ = {
			isa = PBXVariantGroup;
			children = (
				B7E8043C1FA298CE00CE2158 /* Base */,
			);
			name = LaunchScreen.storyboard;
			sourceTree = "<group>";
		};
/* End PBXVariantGroup section */

/* Begin XCBuildConfiguration section */
		B7E8043F1FA298CE00CE2158 /* Debug */ = {
			isa = XCBuildConfiguration;
			buildSettings = {
				ALWAYS_SEARCH_USER_PATHS = NO;
				CLANG_ANALYZER_NONNULL = YES;
				CLANG_ANALYZER_NUMBER_OBJECT_CONVERSION = YES_AGGRESSIVE;
				CLANG_CXX_LANGUAGE_STANDARD = "gnu++14";
				CLANG_CXX_LIBRARY = "libc++";
				CLANG_ENABLE_MODULES = YES;
				CLANG_ENABLE_OBJC_ARC = YES;
				CLANG_WARN_BLOCK_CAPTURE_AUTORELEASING = YES;
				CLANG_WARN_BOOL_CONVERSION = YES;
				CLANG_WARN_COMMA = YES;
				CLANG_WARN_CONSTANT_CONVERSION = YES;
				CLANG_WARN_DIRECT_OBJC_ISA_USAGE = YES_ERROR;
				CLANG_WARN_DOCUMENTATION_COMMENTS = YES;
				CLANG_WARN_EMPTY_BODY = YES;
				CLANG_WARN_ENUM_CONVERSION = YES;
				CLANG_WARN_INFINITE_RECURSION = YES;
				CLANG_WARN_INT_CONVERSION = YES;
				CLANG_WARN_NON_LITERAL_NULL_CONVERSION = YES;
				CLANG_WARN_OBJC_LITERAL_CONVERSION = YES;
				CLANG_WARN_OBJC_ROOT_CLASS = YES_ERROR;
				CLANG_WARN_RANGE_LOOP_ANALYSIS = YES;
				CLANG_WARN_STRICT_PROTOTYPES = YES;
				CLANG_WARN_SUSPICIOUS_MOVE = YES;
				CLANG_WARN_UNGUARDED_AVAILABILITY = YES_AGGRESSIVE;
				CLANG_WARN_UNREACHABLE_CODE = YES;
				CLANG_WARN__DUPLICATE_METHOD_MATCH = YES;
				CODE_SIGN_IDENTITY = "iPhone Developer";
				COPY_PHASE_STRIP = NO;
				DEBUG_INFORMATION_FORMAT = dwarf;
				ENABLE_STRICT_OBJC_MSGSEND = YES;
				ENABLE_TESTABILITY = YES;
				GCC_C_LANGUAGE_STANDARD = gnu11;
				GCC_DYNAMIC_NO_PIC = NO;
				GCC_NO_COMMON_BLOCKS = YES;
				GCC_OPTIMIZATION_LEVEL = 0;
				GCC_PREPROCESSOR_DEFINITIONS = (
					"DEBUG=1",
					"$(inherited)",
				);
				GCC_WARN_64_TO_32_BIT_CONVERSION = YES;
				GCC_WARN_ABOUT_RETURN_TYPE = YES_ERROR;
				GCC_WARN_UNDECLARED_SELECTOR = YES;
				GCC_WARN_UNINITIALIZED_AUTOS = YES_AGGRESSIVE;
				GCC_WARN_UNUSED_FUNCTION = YES;
				GCC_WARN_UNUSED_VARIABLE = YES;
				IPHONEOS_DEPLOYMENT_TARGET = 11.0;
				MTL_ENABLE_DEBUG_INFO = YES;
				ONLY_ACTIVE_ARCH = YES;
				SDKROOT = iphoneos;
				SWIFT_ACTIVE_COMPILATION_CONDITIONS = DEBUG;
				SWIFT_OPTIMIZATION_LEVEL = "-Onone";
			};
			name = Debug;
		};
		B7E804401FA298CE00CE2158 /* Release */ = {
			isa = XCBuildConfiguration;
			buildSettings = {
				ALWAYS_SEARCH_USER_PATHS = NO;
				CLANG_ANALYZER_NONNULL = YES;
				CLANG_ANALYZER_NUMBER_OBJECT_CONVERSION = YES_AGGRESSIVE;
				CLANG_CXX_LANGUAGE_STANDARD = "gnu++14";
				CLANG_CXX_LIBRARY = "libc++";
				CLANG_ENABLE_MODULES = YES;
				CLANG_ENABLE_OBJC_ARC = YES;
				CLANG_WARN_BLOCK_CAPTURE_AUTORELEASING = YES;
				CLANG_WARN_BOOL_CONVERSION = YES;
				CLANG_WARN_COMMA = YES;
				CLANG_WARN_CONSTANT_CONVERSION = YES;
				CLANG_WARN_DIRECT_OBJC_ISA_USAGE = YES_ERROR;
				CLANG_WARN_DOCUMENTATION_COMMENTS = YES;
				CLANG_WARN_EMPTY_BODY = YES;
				CLANG_WARN_ENUM_CONVERSION = YES;
				CLANG_WARN_INFINITE_RECURSION = YES;
				CLANG_WARN_INT_CONVERSION = YES;
				CLANG_WARN_NON_LITERAL_NULL_CONVERSION = YES;
				CLANG_WARN_OBJC_LITERAL_CONVERSION = YES;
				CLANG_WARN_OBJC_ROOT_CLASS = YES_ERROR;
				CLANG_WARN_RANGE_LOOP_ANALYSIS = YES;
				CLANG_WARN_STRICT_PROTOTYPES = YES;
				CLANG_WARN_SUSPICIOUS_MOVE = YES;
				CLANG_WARN_UNGUARDED_AVAILABILITY = YES_AGGRESSIVE;
				CLANG_WARN_UNREACHABLE_CODE = YES;
				CLANG_WARN__DUPLICATE_METHOD_MATCH = YES;
				CODE_SIGN_IDENTITY = "iPhone Developer";
				COPY_PHASE_STRIP = NO;
				DEBUG_INFORMATION_FORMAT = "dwarf-with-dsym";
				ENABLE_NS_ASSERTIONS = NO;
				ENABLE_STRICT_OBJC_MSGSEND = YES;
				GCC_C_LANGUAGE_STANDARD = gnu11;
				GCC_NO_COMMON_BLOCKS = YES;
				GCC_WARN_64_TO_32_BIT_CONVERSION = YES;
				GCC_WARN_ABOUT_RETURN_TYPE = YES_ERROR;
				GCC_WARN_UNDECLARED_SELECTOR = YES;
				GCC_WARN_UNINITIALIZED_AUTOS = YES_AGGRESSIVE;
				GCC_WARN_UNUSED_FUNCTION = YES;
				GCC_WARN_UNUSED_VARIABLE = YES;
				IPHONEOS_DEPLOYMENT_TARGET = 11.0;
				MTL_ENABLE_DEBUG_INFO = NO;
				SDKROOT = iphoneos;
				SWIFT_OPTIMIZATION_LEVEL = "-Owholemodule";
				VALIDATE_PRODUCT = YES;
			};
			name = Release;
		};
		B7E804421FA298CE00CE2158 /* Debug */ = {
			isa = XCBuildConfiguration;
			baseConfigurationReference = C35F81D84B00CE2B62564920 /* Pods-InClass07.debug.xcconfig */;
			buildSettings = {
				ASSETCATALOG_COMPILER_APPICON_NAME = AppIcon;
				CODE_SIGN_STYLE = Automatic;
				INFOPLIST_FILE = InClass07/Info.plist;
				LD_RUNPATH_SEARCH_PATHS = "$(inherited) @executable_path/Frameworks";
				PRODUCT_BUNDLE_IDENTIFIER = uncc.dillly800991871.InClass07;
				PRODUCT_NAME = "$(TARGET_NAME)";
				SWIFT_VERSION = 4.0;
				TARGETED_DEVICE_FAMILY = "1,2";
			};
			name = Debug;
		};
		B7E804431FA298CE00CE2158 /* Release */ = {
			isa = XCBuildConfiguration;
			baseConfigurationReference = F456561B47D51BF10A13567E /* Pods-InClass07.release.xcconfig */;
			buildSettings = {
				ASSETCATALOG_COMPILER_APPICON_NAME = AppIcon;
				CODE_SIGN_STYLE = Automatic;
				INFOPLIST_FILE = InClass07/Info.plist;
				LD_RUNPATH_SEARCH_PATHS = "$(inherited) @executable_path/Frameworks";
				PRODUCT_BUNDLE_IDENTIFIER = uncc.dillly800991871.InClass07;
				PRODUCT_NAME = "$(TARGET_NAME)";
				SWIFT_VERSION = 4.0;
				TARGETED_DEVICE_FAMILY = "1,2";
			};
			name = Release;
		};
/* End XCBuildConfiguration section */

/* Begin XCConfigurationList section */
		B7E8042A1FA298CE00CE2158 /* Build configuration list for PBXProject "InClass07" */ = {
			isa = XCConfigurationList;
			buildConfigurations = (
				B7E8043F1FA298CE00CE2158 /* Debug */,
				B7E804401FA298CE00CE2158 /* Release */,
			);
			defaultConfigurationIsVisible = 0;
			defaultConfigurationName = Release;
		};
		B7E804411FA298CE00CE2158 /* Build configuration list for PBXNativeTarget "InClass07" */ = {
			isa = XCConfigurationList;
			buildConfigurations = (
				B7E804421FA298CE00CE2158 /* Debug */,
				B7E804431FA298CE00CE2158 /* Release */,
			);
			defaultConfigurationIsVisible = 0;
			defaultConfigurationName = Release;
		};
/* End XCConfigurationList section */
	};
	rootObject = B7E804271FA298CE00CE2158 /* Project object */;
}
