PODS:
  - Alamofire (4.5.1)
  - SDWebImage (4.1.2):
    - SDWebImage/Core (= 4.1.2)
  - SDWebImage/Core (4.1.2)

DEPENDENCIES:
  - Alamofire (~> 4.5)
  - SDWebImage (~> 4.0)

SPEC CHECKSUMS:
  Alamofire: 2d95912bf4c34f164fdfc335872e8c312acaea4a
  SDWebImage: cb6f9f266a9977741efcbc21e618e8be3734c774

PODFILE CHECKSUM: 94abde0a85f4b4db120d3d74f040fc47b0cb739d

COCOAPODS: 1.3.1
